
Microsoft Visual Studio Solution File, Format Version 12.00
# Visual Studio 15
VisualStudioVersion = 15.0.26124.0
MinimumVisualStudioVersion = 15.0.26124.0
Project("{FAE04EC0-301F-11D3-BF4B-00C04F79EFBC}") = "CyService.Service", "CyService.Service\CyService.Service.csproj", "{A7B9929F-4E97-458C-8F41-EF31488D66E5}"
EndProject
Project("{FAE04EC0-301F-11D3-BF4B-00C04F79EFBC}") = "CyService.API", "CyService.API\CyService.API.csproj", "{52FA6648-090A-400D-B6E0-657B479BA9DC}"
EndProject
Project("{FAE04EC0-301F-11D3-BF4B-00C04F79EFBC}") = "CyService.Service.Tests", "CyService.Service.Tests\CyService.Service.Tests.csproj", "{99706C13-F864-448A-9D50-5568B2717A16}"
EndProject
Global
	GlobalSection(SolutionConfigurationPlatforms) = preSolution
		Debug|Any CPU = Debug|Any CPU
		Debug|x64 = Debug|x64
		Debug|x86 = Debug|x86
		Release|Any CPU = Release|Any CPU
		Release|x64 = Release|x64
		Release|x86 = Release|x86
	EndGlobalSection
	GlobalSection(SolutionProperties) = preSolution
		HideSolutionNode = FALSE
	EndGlobalSection
	GlobalSection(ProjectConfigurationPlatforms) = postSolution
		{A7B9929F-4E97-458C-8F41-EF31488D66E5}.Debug|Any CPU.ActiveCfg = Debug|Any CPU
		{A7B9929F-4E97-458C-8F41-EF31488D66E5}.Debug|Any CPU.Build.0 = Debug|Any CPU
		{A7B9929F-4E97-458C-8F41-EF31488D66E5}.Debug|x64.ActiveCfg = Debug|Any CPU
		{A7B9929F-4E97-458C-8F41-EF31488D66E5}.Debug|x64.Build.0 = Debug|Any CPU
		{A7B9929F-4E97-458C-8F41-EF31488D66E5}.Debug|x86.ActiveCfg = Debug|Any CPU
		{A7B9929F-4E97-458C-8F41-EF31488D66E5}.Debug|x86.Build.0 = Debug|Any CPU
		{A7B9929F-4E97-458C-8F41-EF31488D66E5}.Release|Any CPU.ActiveCfg = Release|Any CPU
		{A7B9929F-4E97-458C-8F41-EF31488D66E5}.Release|Any CPU.Build.0 = Release|Any CPU
		{A7B9929F-4E97-458C-8F41-EF31488D66E5}.Release|x64.ActiveCfg = Release|Any CPU
		{A7B9929F-4E97-458C-8F41-EF31488D66E5}.Release|x64.Build.0 = Release|Any CPU
		{A7B9929F-4E97-458C-8F41-EF31488D66E5}.Release|x86.ActiveCfg = Release|Any CPU
		{A7B9929F-4E97-458C-8F41-EF31488D66E5}.Release|x86.Build.0 = Release|Any CPU
		{52FA6648-090A-400D-B6E0-657B479BA9DC}.Debug|Any CPU.ActiveCfg = Debug|Any CPU
		{52FA6648-090A-400D-B6E0-657B479BA9DC}.Debug|Any CPU.Build.0 = Debug|Any CPU
		{52FA6648-090A-400D-B6E0-657B479BA9DC}.Debug|x64.ActiveCfg = Debug|Any CPU
		{52FA6648-090A-400D-B6E0-657B479BA9DC}.Debug|x64.Build.0 = Debug|Any CPU
		{52FA6648-090A-400D-B6E0-657B479BA9DC}.Debug|x86.ActiveCfg = Debug|Any CPU
		{52FA6648-090A-400D-B6E0-657B479BA9DC}.Debug|x86.Build.0 = Debug|Any CPU
		{52FA6648-090A-400D-B6E0-657B479BA9DC}.Release|Any CPU.ActiveCfg = Release|Any CPU
		{52FA6648-090A-400D-B6E0-657B479BA9DC}.Release|Any CPU.Build.0 = Release|Any CPU
		{52FA6648-090A-400D-B6E0-657B479BA9DC}.Release|x64.ActiveCfg = Release|Any CPU
		{52FA6648-090A-400D-B6E0-657B479BA9DC}.Release|x64.Build.0 = Release|Any CPU
		{52FA6648-090A-400D-B6E0-657B479BA9DC}.Release|x86.ActiveCfg = Release|Any CPU
		{52FA6648-090A-400D-B6E0-657B479BA9DC}.Release|x86.Build.0 = Release|Any CPU
		{99706C13-F864-448A-9D50-5568B2717A16}.Debug|Any CPU.ActiveCfg = Debug|Any CPU
		{99706C13-F864-448A-9D50-5568B2717A16}.Debug|Any CPU.Build.0 = Debug|Any CPU
		{99706C13-F864-448A-9D50-5568B2717A16}.Debug|x64.ActiveCfg = Debug|Any CPU
		{99706C13-F864-448A-9D50-5568B2717A16}.Debug|x64.Build.0 = Debug|Any CPU
		{99706C13-F864-448A-9D50-5568B2717A16}.Debug|x86.ActiveCfg = Debug|Any CPU
		{99706C13-F864-448A-9D50-5568B2717A16}.Debug|x86.Build.0 = Debug|Any CPU
		{99706C13-F864-448A-9D50-5568B2717A16}.Release|Any CPU.ActiveCfg = Release|Any CPU
		{99706C13-F864-448A-9D50-5568B2717A16}.Release|Any CPU.Build.0 = Release|Any CPU
		{99706C13-F864-448A-9D50-5568B2717A16}.Release|x64.ActiveCfg = Release|Any CPU
		{99706C13-F864-448A-9D50-5568B2717A16}.Release|x64.Build.0 = Release|Any CPU
		{99706C13-F864-448A-9D50-5568B2717A16}.Release|x86.ActiveCfg = Release|Any CPU
		{99706C13-F864-448A-9D50-5568B2717A16}.Release|x86.Build.0 = Release|Any CPU
	EndGlobalSection
EndGlobal
